Microsoft Visual Studio Solution File, Format Version 12.00
# Visual Studio Version 17
VisualStudioVersion = 17.5.2.0
MinimumVisualStudioVersion = 10.0.40219.1
Project("{FAE04EC0-301F-11D3-BF4B-00C04F79EFBC}") = "mvpStudy", "mvpStudy.csproj", "{D6BA1582-7178-DF22-A58A-D9959408F11B}"
EndProject
Global
	GlobalSection(SolutionConfigurationPlatforms) = preSolution
		Debug|Any CPU = Debug|Any CPU
		Release|Any CPU = Release|Any CPU
	EndGlobalSection
	GlobalSection(ProjectConfigurationPlatforms) = postSolution
		{D6BA1582-7178-DF22-A58A-D9959408F11B}.Debug|Any CPU.ActiveCfg = Debug|Any CPU
		{D6BA1582-7178-DF22-A58A-D9959408F11B}.Debug|Any CPU.Build.0 = Debug|Any CPU
		{D6BA1582-7178-DF22-A58A-D9959408F11B}.Release|Any CPU.ActiveCfg = Release|Any CPU
		{D6BA1582-7178-DF22-A58A-D9959408F11B}.Release|Any CPU.Build.0 = Release|Any CPU
	EndGlobalSection
	GlobalSection(SolutionProperties) = preSolution
		HideSolutionNode = FALSE
	EndGlobalSection
	GlobalSection(ExtensibilityGlobals) = postSolution
		SolutionGuid = {270CB99C-1F18-452D-879D-0254074317D1}
	EndGlobalSection
EndGlobal
